<?xml version="1.0" encoding="utf-8"?>
<Project ToolsVersion="4.0" xmlns="http://schemas.microsoft.com/developer/msbuild/2003">
  <ItemGroup>
    <ClCompile Include="main.cpp" />
    <ClCompile Include="GameState\Reader.cpp">
      <Filter>GameState</Filter>
    </ClCompile>
    <ClCompile Include="GameState\Addresses.cpp">
      <Filter>GameState</Filter>
    </ClCompile>
    <ClCompile Include="Player\Player.cpp">
      <Filter>Player</Filter>
    </ClCompile>
    <ClCompile Include="Player\Input.cpp">
      <Filter>Player</Filter>
    </ClCompile>
    <ClCompile Include="Player\Thinker\Root.cpp">
      <Filter>Player\Thinker</Filter>
    </ClCompile>
    <ClCompile Include="Player\Thinker\Reactor.cpp">
      <Filter>Player\Thinker</Filter>
    </ClCompile>
    <ClCompile Include="Player\Thinker\Thinker.cpp">
      <Filter>Player\Thinker</Filter>
    </ClCompile>
    <ClCompile Include="Player\Thinker\BattleThinker.cpp">
      <Filter>Player\Thinker</Filter>
    </ClCompile>
    <ClCompile Include="Player\Thinker\IdleThinker.cpp">
      <Filter>Player\Thinker</Filter>
    </ClCompile>
    <ClCompile Include="Player\Thinker\Goal.cpp">
      <Filter>Player\Thinker</Filter>
    </ClCompile>
  </ItemGroup>
  <ItemGroup>
    <Filter Include="GameState">
      <UniqueIdentifier>{47acb9e2-c5ec-44a6-9e0d-90754ba587d9}</UniqueIdentifier>
    </Filter>
    <Filter Include="Player">
      <UniqueIdentifier>{71bb0041-b252-4635-b0c9-297a11bca12f}</UniqueIdentifier>
    </Filter>
    <Filter Include="Utility">
      <UniqueIdentifier>{e4a8358b-fbad-4b1c-81d4-899cf10ee9ed}</UniqueIdentifier>
    </Filter>
    <Filter Include="Player\Thinker">
      <UniqueIdentifier>{a0b93d62-14df-4b04-a870-f9f316ee70ca}</UniqueIdentifier>
    </Filter>
  </ItemGroup>
  <ItemGroup>
    <ClInclude Include="GameState\Reader.hpp">
      <Filter>GameState</Filter>
    </ClInclude>
    <ClInclude Include="GameState\State.hpp">
      <Filter>GameState</Filter>
    </ClInclude>
    <ClInclude Include="GameState\Addresses.hpp">
      <Filter>GameState</Filter>
    </ClInclude>
    <ClInclude Include="Player\Player.hpp">
      <Filter>Player</Filter>
    </ClInclude>
    <ClInclude Include="Player\Input.hpp">
      <Filter>Player</Filter>
    </ClInclude>
    <ClInclude Include="Utility\ProcessReader.hpp">
      <Filter>Utility</Filter>
    </ClInclude>
    <ClInclude Include="Utility\Geometry.hpp">
      <Filter>Utility</Filter>
    </ClInclude>
    <ClInclude Include="Player\Thinker\Thinker.hpp">
      <Filter>Player\Thinker</Filter>
    </ClInclude>
    <ClInclude Include="Player\Thinker\Root.hpp">
      <Filter>Player\Thinker</Filter>
    </ClInclude>
    <ClInclude Include="Player\Thinker\Reactor.hpp">
      <Filter>Player\Thinker</Filter>
    </ClInclude>
    <ClInclude Include="Player\Thinker\BattleThinker.hpp">
      <Filter>Player\Thinker</Filter>
    </ClInclude>
    <ClInclude Include="Player\Thinker\IdleThinker.hpp">
      <Filter>Player\Thinker</Filter>
    </ClInclude>
    <ClInclude Include="Player\Thinker\Goal.hpp">
      <Filter>Player\Thinker</Filter>
    </ClInclude>
    <ClInclude Include="GameState\StatePrinting.hpp">
      <Filter>GameState</Filter>
    </ClInclude>
  </ItemGroup>
</Project>