<?xml version="1.0" encoding="utf-8"?>
<Project ToolsVersion="4.0" xmlns="http://schemas.microsoft.com/developer/msbuild/2003">
  <ItemGroup>
    <ClInclude Include="..\..\..\C++ Resources\include\imgui.h">
      <Filter>imgui</Filter>
    </ClInclude>
    <ClInclude Include="..\..\..\C++ Resources\include\imgui_impl_opengl3.h">
      <Filter>imgui</Filter>
    </ClInclude>
    <ClInclude Include="..\..\..\C++ Resources\include\imgui_impl_opengl3_loader.h">
      <Filter>imgui</Filter>
    </ClInclude>
    <ClInclude Include="..\..\..\C++ Resources\include\imgui_impl_win32.h">
      <Filter>imgui</Filter>
    </ClInclude>
    <ClInclude Include="GUI\GUI.hpp">
      <Filter>GUI</Filter>
    </ClInclude>
    <ClInclude Include="Utility\WindowsButWithoutAsMuchCancer.hpp">
      <Filter>Utility</Filter>
    </ClInclude>
    <ClInclude Include="Utility\ValueScopeGuard.hpp">
      <Filter>Utility</Filter>
    </ClInclude>
    <ClInclude Include="Python\Bind.hpp">
      <Filter>Python</Filter>
    </ClInclude>
    <ClInclude Include="Utility\Memory.hpp">
      <Filter>Utility</Filter>
    </ClInclude>
    <ClInclude Include="Utility\Exceptions.hpp">
      <Filter>Utility</Filter>
    </ClInclude>
    <ClInclude Include="Input.hpp" />
    <ClInclude Include="Raw.hpp" />
    <ClInclude Include="Reader.hpp" />
    <ClInclude Include="State.hpp" />
    <ClInclude Include="State\Augment.hpp">
      <Filter>State</Filter>
    </ClInclude>
    <ClInclude Include="State\Blueprint.hpp">
      <Filter>State</Filter>
    </ClInclude>
    <ClInclude Include="State\Blueprints.hpp">
      <Filter>State</Filter>
    </ClInclude>
    <ClInclude Include="State\BoostPower.hpp">
      <Filter>State</Filter>
    </ClInclude>
    <ClInclude Include="State\Crew.hpp">
      <Filter>State</Filter>
    </ClInclude>
    <ClInclude Include="State\CrewBlueprint.hpp">
      <Filter>State</Filter>
    </ClInclude>
    <ClInclude Include="State\Damage.hpp">
      <Filter>State</Filter>
    </ClInclude>
    <ClInclude Include="State\Door.hpp">
      <Filter>State</Filter>
    </ClInclude>
    <ClInclude Include="State\Drone.hpp">
      <Filter>State</Filter>
    </ClInclude>
    <ClInclude Include="State\DroneBlueprint.hpp">
      <Filter>State</Filter>
    </ClInclude>
    <ClInclude Include="State\DroneType.hpp">
      <Filter>State</Filter>
    </ClInclude>
    <ClInclude Include="State\Ellipse.hpp">
      <Filter>State</Filter>
    </ClInclude>
    <ClInclude Include="State\EnvironmentType.hpp">
      <Filter>State</Filter>
    </ClInclude>
    <ClInclude Include="State\Event.hpp">
      <Filter>State</Filter>
    </ClInclude>
    <ClInclude Include="State\HackLevel.hpp">
      <Filter>State</Filter>
    </ClInclude>
    <ClInclude Include="State\Key.hpp">
      <Filter>State</Filter>
    </ClInclude>
    <ClInclude Include="State\Point.hpp">
      <Filter>State</Filter>
    </ClInclude>
    <ClInclude Include="State\Power.hpp">
      <Filter>State</Filter>
    </ClInclude>
    <ClInclude Include="State\RandomAmount.hpp">
      <Filter>State</Filter>
    </ClInclude>
    <ClInclude Include="State\Rect.hpp">
      <Filter>State</Filter>
    </ClInclude>
    <ClInclude Include="State\Repairable.hpp">
      <Filter>State</Filter>
    </ClInclude>
    <ClInclude Include="State\Room.hpp">
      <Filter>State</Filter>
    </ClInclude>
    <ClInclude Include="State\Settings.hpp">
      <Filter>State</Filter>
    </ClInclude>
    <ClInclude Include="State\Ship.hpp">
      <Filter>State</Filter>
    </ClInclude>
    <ClInclude Include="State\Slot.hpp">
      <Filter>State</Filter>
    </ClInclude>
    <ClInclude Include="State\Space.hpp">
      <Filter>State</Filter>
    </ClInclude>
    <ClInclude Include="State\StarMap.hpp">
      <Filter>State</Filter>
    </ClInclude>
    <ClInclude Include="State\System.hpp">
      <Filter>State</Filter>
    </ClInclude>
    <ClInclude Include="State\SystemBlueprint.hpp">
      <Filter>State</Filter>
    </ClInclude>
    <ClInclude Include="State\Systems.hpp">
      <Filter>State</Filter>
    </ClInclude>
    <ClInclude Include="State\SystemType.hpp">
      <Filter>State</Filter>
    </ClInclude>
    <ClInclude Include="State\UI.hpp">
      <Filter>State</Filter>
    </ClInclude>
    <ClInclude Include="State\WeaponBlueprint.hpp">
      <Filter>State</Filter>
    </ClInclude>
    <ClInclude Include="State\WeaponType.hpp">
      <Filter>State</Filter>
    </ClInclude>
    <ClInclude Include="Utility\Float.hpp">
      <Filter>Utility</Filter>
    </ClInclude>
  </ItemGroup>
  <ItemGroup>
    <ClCompile Include="..\..\..\C++ Resources\src\imgui.cpp">
      <Filter>imgui</Filter>
    </ClCompile>
    <ClCompile Include="..\..\..\C++ Resources\src\imgui_draw.cpp">
      <Filter>imgui</Filter>
    </ClCompile>
    <ClCompile Include="..\..\..\C++ Resources\src\imgui_stl.cpp">
      <Filter>imgui</Filter>
    </ClCompile>
    <ClCompile Include="..\..\..\C++ Resources\src\imgui_tables.cpp">
      <Filter>imgui</Filter>
    </ClCompile>
    <ClCompile Include="..\..\..\C++ Resources\src\imgui_widgets.cpp">
      <Filter>imgui</Filter>
    </ClCompile>
    <ClCompile Include="..\..\..\C++ Resources\src\imgui_impl_opengl3.cpp">
      <Filter>imgui</Filter>
    </ClCompile>
    <ClCompile Include="..\..\..\C++ Resources\src\imgui_impl_win32.cpp">
      <Filter>imgui</Filter>
    </ClCompile>
    <ClCompile Include="..\..\..\C++ Resources\src\imgui_demo.cpp">
      <Filter>imgui</Filter>
    </ClCompile>
    <ClCompile Include="Python\BindModule.cpp">
      <Filter>Python</Filter>
    </ClCompile>
    <ClCompile Include="Python\BindSystems.cpp">
      <Filter>Python</Filter>
    </ClCompile>
    <ClCompile Include="Python\BindReader.cpp">
      <Filter>Python</Filter>
    </ClCompile>
    <ClCompile Include="Python\BindSettings.cpp">
      <Filter>Python</Filter>
    </ClCompile>
    <ClCompile Include="Python\BindGeometry.cpp">
      <Filter>Python</Filter>
    </ClCompile>
    <ClCompile Include="Python\BindBlueprints.cpp">
      <Filter>Python</Filter>
    </ClCompile>
    <ClCompile Include="Python\BindWeapons.cpp">
      <Filter>Python</Filter>
    </ClCompile>
    <ClCompile Include="Python\BindDrones.cpp">
      <Filter>Python</Filter>
    </ClCompile>
    <ClCompile Include="Python\BindCrew.cpp">
      <Filter>Python</Filter>
    </ClCompile>
    <ClCompile Include="Python\BindShipLayout.cpp">
      <Filter>Python</Filter>
    </ClCompile>
    <ClCompile Include="Python\BindShip.cpp">
      <Filter>Python</Filter>
    </ClCompile>
    <ClCompile Include="Python\BindSpace.cpp">
      <Filter>Python</Filter>
    </ClCompile>
    <ClCompile Include="Python\BindEvents.cpp">
      <Filter>Python</Filter>
    </ClCompile>
    <ClCompile Include="Python\BindStores.cpp">
      <Filter>Python</Filter>
    </ClCompile>
    <ClCompile Include="Python\BindStarMap.cpp">
      <Filter>Python</Filter>
    </ClCompile>
    <ClCompile Include="Python\BindMisc.cpp">
      <Filter>Python</Filter>
    </ClCompile>
    <ClCompile Include="Python\BindInput.cpp">
      <Filter>Python</Filter>
    </ClCompile>
    <ClCompile Include="Utility\Memory.cpp">
      <Filter>Utility</Filter>
    </ClCompile>
    <ClCompile Include="Python\BindUI.cpp">
      <Filter>Python</Filter>
    </ClCompile>
    <ClCompile Include="dllmain.cpp" />
    <ClCompile Include="Input.cpp" />
    <ClCompile Include="Reader.cpp" />
  </ItemGroup>
  <ItemGroup>
    <Filter Include="imgui">
      <UniqueIdentifier>{0bba110c-ddc3-4c9c-96d0-746b9382f378}</UniqueIdentifier>
    </Filter>
    <Filter Include="GUI">
      <UniqueIdentifier>{2800e564-7acc-4f6b-b7ab-0354aed5a494}</UniqueIdentifier>
    </Filter>
    <Filter Include="Utility">
      <UniqueIdentifier>{1ab46470-b03f-4398-ba10-fe7d5e9246be}</UniqueIdentifier>
    </Filter>
    <Filter Include="Python">
      <UniqueIdentifier>{c69c55eb-8252-496a-ac89-a8114a15c69f}</UniqueIdentifier>
    </Filter>
    <Filter Include="State">
      <UniqueIdentifier>{42572081-aa4c-425d-8e3a-b8971f719830}</UniqueIdentifier>
    </Filter>
  </ItemGroup>
</Project>