<?xml version="1.0" encoding="utf-8"?>
<Project ToolsVersion="4.0" xmlns="http://schemas.microsoft.com/developer/msbuild/2003">
  <ItemGroup>
    <ClInclude Include="Memory.hpp" />
    <ClInclude Include="..\..\..\C++ Resources\include\imgui.h">
      <Filter>imgui</Filter>
    </ClInclude>
    <ClInclude Include="..\..\..\C++ Resources\include\imgui_impl_opengl3.h">
      <Filter>imgui</Filter>
    </ClInclude>
    <ClInclude Include="..\..\..\C++ Resources\include\imgui_impl_opengl3_loader.h">
      <Filter>imgui</Filter>
    </ClInclude>
    <ClInclude Include="..\..\..\C++ Resources\include\imgui_impl_win32.h">
      <Filter>imgui</Filter>
    </ClInclude>
    <ClInclude Include="Player\Input.hpp">
      <Filter>Player</Filter>
    </ClInclude>
    <ClInclude Include="Player\Player.hpp">
      <Filter>Player</Filter>
    </ClInclude>
    <ClInclude Include="GUI\GUI.hpp">
      <Filter>GUI</Filter>
    </ClInclude>
    <ClInclude Include="Utility\Geometry.hpp">
      <Filter>Utility</Filter>
    </ClInclude>
    <ClInclude Include="Utility\WindowsButWithoutAsMuchCancer.hpp">
      <Filter>Utility</Filter>
    </ClInclude>
    <ClInclude Include="Utility\ValueScopeGuard.hpp">
      <Filter>Utility</Filter>
    </ClInclude>
    <ClInclude Include="Python\Bind.hpp">
      <Filter>Python</Filter>
    </ClInclude>
    <ClInclude Include="State\Raw.hpp">
      <Filter>State</Filter>
    </ClInclude>
    <ClInclude Include="State\Reader.hpp">
      <Filter>State</Filter>
    </ClInclude>
    <ClInclude Include="State\State.hpp">
      <Filter>State</Filter>
    </ClInclude>
  </ItemGroup>
  <ItemGroup>
    <ClCompile Include="dllmain.cpp" />
    <ClCompile Include="Memory.cpp" />
    <ClCompile Include="..\..\..\C++ Resources\src\imgui.cpp">
      <Filter>imgui</Filter>
    </ClCompile>
    <ClCompile Include="..\..\..\C++ Resources\src\imgui_draw.cpp">
      <Filter>imgui</Filter>
    </ClCompile>
    <ClCompile Include="..\..\..\C++ Resources\src\imgui_stl.cpp">
      <Filter>imgui</Filter>
    </ClCompile>
    <ClCompile Include="..\..\..\C++ Resources\src\imgui_tables.cpp">
      <Filter>imgui</Filter>
    </ClCompile>
    <ClCompile Include="..\..\..\C++ Resources\src\imgui_widgets.cpp">
      <Filter>imgui</Filter>
    </ClCompile>
    <ClCompile Include="..\..\..\C++ Resources\src\imgui_impl_opengl3.cpp">
      <Filter>imgui</Filter>
    </ClCompile>
    <ClCompile Include="..\..\..\C++ Resources\src\imgui_impl_win32.cpp">
      <Filter>imgui</Filter>
    </ClCompile>
    <ClCompile Include="..\..\..\C++ Resources\src\imgui_demo.cpp">
      <Filter>imgui</Filter>
    </ClCompile>
    <ClCompile Include="Python\BindModule.cpp">
      <Filter>Python</Filter>
    </ClCompile>
    <ClCompile Include="Python\BindSystems.cpp">
      <Filter>Python</Filter>
    </ClCompile>
    <ClCompile Include="State\Reader.cpp">
      <Filter>State</Filter>
    </ClCompile>
    <ClCompile Include="Python\BindReader.cpp">
      <Filter>Python</Filter>
    </ClCompile>
    <ClCompile Include="Python\BindSettings.cpp">
      <Filter>Python</Filter>
    </ClCompile>
    <ClCompile Include="Python\BindGeometry.cpp">
      <Filter>Python</Filter>
    </ClCompile>
    <ClCompile Include="Python\BindHacking.cpp">
      <Filter>Python</Filter>
    </ClCompile>
    <ClCompile Include="Python\BindBlueprints.cpp">
      <Filter>Python</Filter>
    </ClCompile>
    <ClCompile Include="Python\BindWeapons.cpp">
      <Filter>Python</Filter>
    </ClCompile>
    <ClCompile Include="Python\BindDrones.cpp">
      <Filter>Python</Filter>
    </ClCompile>
    <ClCompile Include="Python\BindCrew.cpp">
      <Filter>Python</Filter>
    </ClCompile>
    <ClCompile Include="Python\BindShipLayout.cpp">
      <Filter>Python</Filter>
    </ClCompile>
    <ClCompile Include="Python\BindShip.cpp">
      <Filter>Python</Filter>
    </ClCompile>
    <ClCompile Include="Python\BindSpace.cpp">
      <Filter>Python</Filter>
    </ClCompile>
    <ClCompile Include="Python\BindEvents.cpp">
      <Filter>Python</Filter>
    </ClCompile>
    <ClCompile Include="Python\BindStores.cpp">
      <Filter>Python</Filter>
    </ClCompile>
    <ClCompile Include="Python\BindStarMap.cpp">
      <Filter>Python</Filter>
    </ClCompile>
    <ClCompile Include="Python\BindMisc.cpp">
      <Filter>Python</Filter>
    </ClCompile>
  </ItemGroup>
  <ItemGroup>
    <Filter Include="imgui">
      <UniqueIdentifier>{0bba110c-ddc3-4c9c-96d0-746b9382f378}</UniqueIdentifier>
    </Filter>
    <Filter Include="Player">
      <UniqueIdentifier>{e0c36a00-9b81-4d26-b461-da623d7d4c53}</UniqueIdentifier>
    </Filter>
    <Filter Include="GUI">
      <UniqueIdentifier>{2800e564-7acc-4f6b-b7ab-0354aed5a494}</UniqueIdentifier>
    </Filter>
    <Filter Include="Utility">
      <UniqueIdentifier>{1ab46470-b03f-4398-ba10-fe7d5e9246be}</UniqueIdentifier>
    </Filter>
    <Filter Include="Python">
      <UniqueIdentifier>{c69c55eb-8252-496a-ac89-a8114a15c69f}</UniqueIdentifier>
    </Filter>
    <Filter Include="State">
      <UniqueIdentifier>{efe13e32-89e9-4619-87f7-03cacbd947d4}</UniqueIdentifier>
    </Filter>
  </ItemGroup>
  <ItemGroup>
    <None Include="Player\Input.cpp">
      <Filter>Player</Filter>
    </None>
    <None Include="Player\Player.cpp">
      <Filter>Player</Filter>
    </None>
  </ItemGroup>
</Project>